// !$*UTF8*$!
{
	archiveVersion = 1;
	classes = {
	};
	objectVersion = 50;
	objects = {

/* Begin PBXBuildFile section */
		81C418FE25CA4A7600461D70 /* AppDelegate.swift in Sources */ = {isa = PBXBuildFile; fileRef = 81C418FD25CA4A7600461D70 /* AppDelegate.swift */; };
		81C4190025CA4A7600461D70 /* SceneDelegate.swift in Sources */ = {isa = PBXBuildFile; fileRef = 81C418FF25CA4A7600461D70 /* SceneDelegate.swift */; };
		81C4190225CA4A7600461D70 /* ViewController.swift in Sources */ = {isa = PBXBuildFile; fileRef = 81C4190125CA4A7600461D70 /* ViewController.swift */; };
		81C4190525CA4A7600461D70 /* Main.storyboard in Resources */ = {isa = PBXBuildFile; fileRef = 81C4190325CA4A7600461D70 /* Main.storyboard */; };
		81C4190725CA4A7700461D70 /* Assets.xcassets in Resources */ = {isa = PBXBuildFile; fileRef = 81C4190625CA4A7700461D70 /* Assets.xcassets */; };
		81C4190A25CA4A7700461D70 /* LaunchScreen.storyboard in Resources */ = {isa = PBXBuildFile; fileRef = 81C4190825CA4A7700461D70 /* LaunchScreen.storyboard */; };
		81C4191525CA4A7700461D70 /* UdderTests.swift in Sources */ = {isa = PBXBuildFile; fileRef = 81C4191425CA4A7700461D70 /* UdderTests.swift */; };
		81C4192025CA4A7700461D70 /* UdderUITests.swift in Sources */ = {isa = PBXBuildFile; fileRef = 81C4191F25CA4A7700461D70 /* UdderUITests.swift */; };
/* End PBXBuildFile section */

/* Begin PBXContainerItemProxy section */
		81C4191125CA4A7700461D70 /* PBXContainerItemProxy */ = {
			isa = PBXContainerItemProxy;
			containerPortal = 81C418F225CA4A7600461D70 /* Project object */;
			proxyType = 1;
			remoteGlobalIDString = 81C418F925CA4A7600461D70;
			remoteInfo = Udder;
		};
		81C4191C25CA4A7700461D70 /* PBXContainerItemProxy */ = {
			isa = PBXContainerItemProxy;
			containerPortal = 81C418F225CA4A7600461D70 /* Project object */;
			proxyType = 1;
			remoteGlobalIDString = 81C418F925CA4A7600461D70;
			remoteInfo = Udder;
		};
/* End PBXContainerItemProxy section */

/* Begin PBXFileReference section */
		81C418FA25CA4A7600461D70 /* Udder.app */ = {isa = PBXFileReference; explicitFileType = wrapper.application; includeInIndex = 0; path = Udder.app; sourceTree = BUILT_PRODUCTS_DIR; };
		81C418FD25CA4A7600461D70 /* AppDelegate.swift */ = {isa = PBXFileReference; lastKnownFileType = sourcecode.swift; path = AppDelegate.swift; sourceTree = "<group>"; };
		81C418FF25CA4A7600461D70 /* SceneDelegate.swift */ = {isa = PBXFileReference; lastKnownFileType = sourcecode.swift; path = SceneDelegate.swift; sourceTree = "<group>"; };
		81C4190125CA4A7600461D70 /* ViewController.swift */ = {isa = PBXFileReference; lastKnownFileType = sourcecode.swift; path = ViewController.swift; sourceTree = "<group>"; };
		81C4190425CA4A7600461D70 /* Base */ = {isa = PBXFileReference; lastKnownFileType = file.storyboard; name = Base; path = Base.lproj/Main.storyboard; sourceTree = "<group>"; };
		81C4190625CA4A7700461D70 /* Assets.xcassets */ = {isa = PBXFileReference; lastKnownFileType = folder.assetcatalog; path = Assets.xcassets; sourceTree = "<group>"; };
		81C4190925CA4A7700461D70 /* Base */ = {isa = PBXFileReference; lastKnownFileType = file.storyboard; name = Base; path = Base.lproj/LaunchScreen.storyboard; sourceTree = "<group>"; };
		81C4190B25CA4A7700461D70 /* Info.plist */ = {isa = PBXFileReference; lastKnownFileType = text.plist.xml; path = Info.plist; sourceTree = "<group>"; };
		81C4191025CA4A7700461D70 /* UdderTests.xctest */ = {isa = PBXFileReference; explicitFileType = wrapper.cfbundle; includeInIndex = 0; path = UdderTests.xctest; sourceTree = BUILT_PRODUCTS_DIR; };
		81C4191425CA4A7700461D70 /* UdderTests.swift */ = {isa = PBXFileReference; lastKnownFileType = sourcecode.swift; path = UdderTests.swift; sourceTree = "<group>"; };
		81C4191625CA4A7700461D70 /* Info.plist */ = {isa = PBXFileReference; lastKnownFileType = text.plist.xml; path = Info.plist; sourceTree = "<group>"; };
		81C4191B25CA4A7700461D70 /* UdderUITests.xctest */ = {isa = PBXFileReference; explicitFileType = wrapper.cfbundle; includeInIndex = 0; path = UdderUITests.xctest; sourceTree = BUILT_PRODUCTS_DIR; };
		81C4191F25CA4A7700461D70 /* UdderUITests.swift */ = {isa = PBXFileReference; lastKnownFileType = sourcecode.swift; path = UdderUITests.swift; sourceTree = "<group>"; };
		81C4192125CA4A7700461D70 /* Info.plist */ = {isa = PBXFileReference; lastKnownFileType = text.plist.xml; path = Info.plist; sourceTree = "<group>"; };
/* End PBXFileReference section */

/* Begin PBXFrameworksBuildPhase section */
		81C418F725CA4A7600461D70 /* Frameworks */ = {
			isa = PBXFrameworksBuildPhase;
			buildActionMask = 2147483647;
			files = (
			);
			runOnlyForDeploymentPostprocessing = 0;
		};
		81C4190D25CA4A7700461D70 /* Frameworks */ = {
			isa = PBXFrameworksBuildPhase;
			buildActionMask = 2147483647;
			files = (
			);
			runOnlyForDeploymentPostprocessing = 0;
		};
		81C4191825CA4A7700461D70 /* Frameworks */ = {
			isa = PBXFrameworksBuildPhase;
			buildActionMask = 2147483647;
			files = (
			);
			runOnlyForDeploymentPostprocessing = 0;
		};
/* End PBXFrameworksBuildPhase section */

/* Begin PBXGroup section */
		81C418F125CA4A7600461D70 = {
			isa = PBXGroup;
			children = (
				81C418FC25CA4A7600461D70 /* Udder */,
				81C4191325CA4A7700461D70 /* UdderTests */,
				81C4191E25CA4A7700461D70 /* UdderUITests */,
				81C418FB25CA4A7600461D70 /* Products */,
			);
			sourceTree = "<group>";
		};
		81C418FB25CA4A7600461D70 /* Products */ = {
			isa = PBXGroup;
			children = (
				81C418FA25CA4A7600461D70 /* Udder.app */,
				81C4191025CA4A7700461D70 /* UdderTests.xctest */,
				81C4191B25CA4A7700461D70 /* UdderUITests.xctest */,
			);
			name = Products;
			sourceTree = "<group>";
		};
		81C418FC25CA4A7600461D70 /* Udder */ = {
			isa = PBXGroup;
			children = (
				81C418FD25CA4A7600461D70 /* AppDelegate.swift */,
				81C418FF25CA4A7600461D70 /* SceneDelegate.swift */,
				81C4190125CA4A7600461D70 /* ViewController.swift */,
				81C4190325CA4A7600461D70 /* Main.storyboard */,
				81C4190625CA4A7700461D70 /* Assets.xcassets */,
				81C4190825CA4A7700461D70 /* LaunchScreen.storyboard */,
				81C4190B25CA4A7700461D70 /* Info.plist */,
			);
			path = Udder;
			sourceTree = "<group>";
		};
		81C4191325CA4A7700461D70 /* UdderTests */ = {
			isa = PBXGroup;
			children = (
				81C4191425CA4A7700461D70 /* UdderTests.swift */,
				81C4191625CA4A7700461D70 /* Info.plist */,
			);
			path = UdderTests;
			sourceTree = "<group>";
		};
		81C4191E25CA4A7700461D70 /* UdderUITests */ = {
			isa = PBXGroup;
			children = (
				81C4191F25CA4A7700461D70 /* UdderUITests.swift */,
				81C4192125CA4A7700461D70 /* Info.plist */,
			);
			path = UdderUITests;
			sourceTree = "<group>";
		};
/* End PBXGroup section */

/* Begin PBXNativeTarget section */
		81C418F925CA4A7600461D70 /* Udder */ = {
			isa = PBXNativeTarget;
			buildConfigurationList = 81C4192425CA4A7700461D70 /* Build configuration list for PBXNativeTarget "Udder" */;
			buildPhases = (
				81C418F625CA4A7600461D70 /* Sources */,
				81C418F725CA4A7600461D70 /* Frameworks */,
				81C418F825CA4A7600461D70 /* Resources */,
			);
			buildRules = (
			);
			dependencies = (
			);
			name = Udder;
			productName = Udder;
			productReference = 81C418FA25CA4A7600461D70 /* Udder.app */;
			productType = "com.apple.product-type.application";
		};
		81C4190F25CA4A7700461D70 /* UdderTests */ = {
			isa = PBXNativeTarget;
			buildConfigurationList = 81C4192725CA4A7700461D70 /* Build configuration list for PBXNativeTarget "UdderTests" */;
			buildPhases = (
				81C4190C25CA4A7700461D70 /* Sources */,
				81C4190D25CA4A7700461D70 /* Frameworks */,
				81C4190E25CA4A7700461D70 /* Resources */,
			);
			buildRules = (
			);
			dependencies = (
				81C4191225CA4A7700461D70 /* PBXTargetDependency */,
			);
			name = UdderTests;
			productName = UdderTests;
			productReference = 81C4191025CA4A7700461D70 /* UdderTests.xctest */;
			productType = "com.apple.product-type.bundle.unit-test";
		};
		81C4191A25CA4A7700461D70 /* UdderUITests */ = {
			isa = PBXNativeTarget;
			buildConfigurationList = 81C4192A25CA4A7700461D70 /* Build configuration list for PBXNativeTarget "UdderUITests" */;
			buildPhases = (
				81C4191725CA4A7700461D70 /* Sources */,
				81C4191825CA4A7700461D70 /* Frameworks */,
				81C4191925CA4A7700461D70 /* Resources */,
			);
			buildRules = (
			);
			dependencies = (
				81C4191D25CA4A7700461D70 /* PBXTargetDependency */,
			);
			name = UdderUITests;
			productName = UdderUITests;
			productReference = 81C4191B25CA4A7700461D70 /* UdderUITests.xctest */;
			productType = "com.apple.product-type.bundle.ui-testing";
		};
/* End PBXNativeTarget section */

/* Begin PBXProject section */
		81C418F225CA4A7600461D70 /* Project object */ = {
			isa = PBXProject;
			attributes = {
				LastSwiftUpdateCheck = 1240;
				LastUpgradeCheck = 1240;
				TargetAttributes = {
					81C418F925CA4A7600461D70 = {
						CreatedOnToolsVersion = 12.4;
					};
					81C4190F25CA4A7700461D70 = {
						CreatedOnToolsVersion = 12.4;
						TestTargetID = 81C418F925CA4A7600461D70;
					};
					81C4191A25CA4A7700461D70 = {
						CreatedOnToolsVersion = 12.4;
						TestTargetID = 81C418F925CA4A7600461D70;
					};
				};
			};
			buildConfigurationList = 81C418F525CA4A7600461D70 /* Build configuration list for PBXProject "Udder" */;
			compatibilityVersion = "Xcode 9.3";
			developmentRegion = en;
			hasScannedForEncodings = 0;
			knownRegions = (
				en,
				Base,
			);
			mainGroup = 81C418F125CA4A7600461D70;
			productRefGroup = 81C418FB25CA4A7600461D70 /* Products */;
			projectDirPath = "";
			projectRoot = "";
			targets = (
				81C418F925CA4A7600461D70 /* Udder */,
				81C4190F25CA4A7700461D70 /* UdderTests */,
				81C4191A25CA4A7700461D70 /* UdderUITests */,
			);
		};
/* End PBXProject section */

/* Begin PBXResourcesBuildPhase section */
		81C418F825CA4A7600461D70 /* Resources */ = {
			isa = PBXResourcesBuildPhase;
			buildActionMask = 2147483647;
			files = (
				81C4190A25CA4A7700461D70 /* LaunchScreen.storyboard in Resources */,
				81C4190725CA4A7700461D70 /* Assets.xcassets in Resources */,
				81C4190525CA4A7600461D70 /* Main.storyboard in Resources */,
			);
			runOnlyForDeploymentPostprocessing = 0;
		};
		81C4190E25CA4A7700461D70 /* Resources */ = {
			isa = PBXResourcesBuildPhase;
			buildActionMask = 2147483647;
			files = (
			);
			runOnlyForDeploymentPostprocessing = 0;
		};
		81C4191925CA4A7700461D70 /* Resources */ = {
			isa = PBXResourcesBuildPhase;
			buildActionMask = 2147483647;
			files = (
			);
			runOnlyForDeploymentPostprocessing = 0;
		};
/* End PBXResourcesBuildPhase section */

/* Begin PBXSourcesBuildPhase section */
		81C418F625CA4A7600461D70 /* Sources */ = {
			isa = PBXSourcesBuildPhase;
			buildActionMask = 2147483647;
			files = (
				81C4190225CA4A7600461D70 /* ViewController.swift in Sources */,
				81C418FE25CA4A7600461D70 /* AppDelegate.swift in Sources */,
				81C4190025CA4A7600461D70 /* SceneDelegate.swift in Sources */,
			);
			runOnlyForDeploymentPostprocessing = 0;
		};
		81C4190C25CA4A7700461D70 /* Sources */ = {
			isa = PBXSourcesBuildPhase;
			buildActionMask = 2147483647;
			files = (
				81C4191525CA4A7700461D70 /* UdderTests.swift in Sources */,
			);
			runOnlyForDeploymentPostprocessing = 0;
		};
		81C4191725CA4A7700461D70 /* Sources */ = {
			isa = PBXSourcesBuildPhase;
			buildActionMask = 2147483647;
			files = (
				81C4192025CA4A7700461D70 /* UdderUITests.swift in Sources */,
			);
			runOnlyForDeploymentPostprocessing = 0;
		};
/* End PBXSourcesBuildPhase section */

/* Begin PBXTargetDependency section */
		81C4191225CA4A7700461D70 /* PBXTargetDependency */ = {
			isa = PBXTargetDependency;
			target = 81C418F925CA4A7600461D70 /* Udder */;
			targetProxy = 81C4191125CA4A7700461D70 /* PBXContainerItemProxy */;
		};
		81C4191D25CA4A7700461D70 /* PBXTargetDependency */ = {
			isa = PBXTargetDependency;
			target = 81C418F925CA4A7600461D70 /* Udder */;
			targetProxy = 81C4191C25CA4A7700461D70 /* PBXContainerItemProxy */;
		};
/* End PBXTargetDependency section */

/* Begin PBXVariantGroup section */
		81C4190325CA4A7600461D70 /* Main.storyboard */ = {
			isa = PBXVariantGroup;
			children = (
				81C4190425CA4A7600461D70 /* Base */,
			);
			name = Main.storyboard;
			sourceTree = "<group>";
		};
		81C4190825CA4A7700461D70 /* LaunchScreen.storyboard */ = {
			isa = PBXVariantGroup;
			children = (
				81C4190925CA4A7700461D70 /* Base */,
			);
			name = LaunchScreen.storyboard;
			sourceTree = "<group>";
		};
/* End PBXVariantGroup section */

/* Begin XCBuildConfiguration section */
		81C4192225CA4A7700461D70 /* Debug */ = {
			isa = XCBuildConfiguration;
			buildSettings = {
				ALWAYS_SEARCH_USER_PATHS = NO;
				CLANG_ANALYZER_NONNULL = YES;
				CLANG_ANALYZER_NUMBER_OBJECT_CONVERSION = YES_AGGRESSIVE;
				CLANG_CXX_LANGUAGE_STANDARD = "gnu++14";
				CLANG_CXX_LIBRARY = "libc++";
				CLANG_ENABLE_MODULES = YES;
				CLANG_ENABLE_OBJC_ARC = YES;
				CLANG_ENABLE_OBJC_WEAK = YES;
				CLANG_WARN_BLOCK_CAPTURE_AUTORELEASING = YES;
				CLANG_WARN_BOOL_CONVERSION = YES;
				CLANG_WARN_COMMA = YES;
				CLANG_WARN_CONSTANT_CONVERSION = YES;
				CLANG_WARN_DEPRECATED_OBJC_IMPLEMENTATIONS = YES;
				CLANG_WARN_DIRECT_OBJC_ISA_USAGE = YES_ERROR;
				CLANG_WARN_DOCUMENTATION_COMMENTS = YES;
				CLANG_WARN_EMPTY_BODY = YES;
				CLANG_WARN_ENUM_CONVERSION = YES;
				CLANG_WARN_INFINITE_RECURSION = YES;
				CLANG_WARN_INT_CONVERSION = YES;
				CLANG_WARN_NON_LITERAL_NULL_CONVERSION = YES;
				CLANG_WARN_OBJC_IMPLICIT_RETAIN_SELF = YES;
				CLANG_WARN_OBJC_LITERAL_CONVERSION = YES;
				CLANG_WARN_OBJC_ROOT_CLASS = YES_ERROR;
				CLANG_WARN_QUOTED_INCLUDE_IN_FRAMEWORK_HEADER = YES;
				CLANG_WARN_RANGE_LOOP_ANALYSIS = YES;
				CLANG_WARN_STRICT_PROTOTYPES = YES;
				CLANG_WARN_SUSPICIOUS_MOVE = YES;
				CLANG_WARN_UNGUARDED_AVAILABILITY = YES_AGGRESSIVE;
				CLANG_WARN_UNREACHABLE_CODE = YES;
				CLANG_WARN__DUPLICATE_METHOD_MATCH = YES;
				COPY_PHASE_STRIP = NO;
				DEBUG_INFORMATION_FORMAT = dwarf;
				ENABLE_STRICT_OBJC_MSGSEND = YES;
				ENABLE_TESTABILITY = YES;
				GCC_C_LANGUAGE_STANDARD = gnu11;
				GCC_DYNAMIC_NO_PIC = NO;
				GCC_NO_COMMON_BLOCKS = YES;
				GCC_OPTIMIZATION_LEVEL = 0;
				GCC_PREPROCESSOR_DEFINITIONS = (
					"DEBUG=1",
					"$(inherited)",
				);
				GCC_WARN_64_TO_32_BIT_CONVERSION = YES;
				GCC_WARN_ABOUT_RETURN_TYPE = YES_ERROR;
				GCC_WARN_UNDECLARED_SELECTOR = YES;
				GCC_WARN_UNINITIALIZED_AUTOS = YES_AGGRESSIVE;
				GCC_WARN_UNUSED_FUNCTION = YES;
				GCC_WARN_UNUSED_VARIABLE = YES;
				IPHONEOS_DEPLOYMENT_TARGET = 14.4;
				MTL_ENABLE_DEBUG_INFO = INCLUDE_SOURCE;
				MTL_FAST_MATH = YES;
				ONLY_ACTIVE_ARCH = YES;
				SDKROOT = iphoneos;
				SWIFT_ACTIVE_COMPILATION_CONDITIONS = DEBUG;
				SWIFT_OPTIMIZATION_LEVEL = "-Onone";
			};
			name = Debug;
		};
		81C4192325CA4A7700461D70 /* Release */ = {
			isa = XCBuildConfiguration;
			buildSettings = {
				ALWAYS_SEARCH_USER_PATHS = NO;
				CLANG_ANALYZER_NONNULL = YES;
				CLANG_ANALYZER_NUMBER_OBJECT_CONVERSION = YES_AGGRESSIVE;
				CLANG_CXX_LANGUAGE_STANDARD = "gnu++14";
				CLANG_CXX_LIBRARY = "libc++";
				CLANG_ENABLE_MODULES = YES;
				CLANG_ENABLE_OBJC_ARC = YES;
				CLANG_ENABLE_OBJC_WEAK = YES;
				CLANG_WARN_BLOCK_CAPTURE_AUTORELEASING = YES;
				CLANG_WARN_BOOL_CONVERSION = YES;
				CLANG_WARN_COMMA = YES;
				CLANG_WARN_CONSTANT_CONVERSION = YES;
				CLANG_WARN_DEPRECATED_OBJC_IMPLEMENTATIONS = YES;
				CLANG_WARN_DIRECT_OBJC_ISA_USAGE = YES_ERROR;
				CLANG_WARN_DOCUMENTATION_COMMENTS = YES;
				CLANG_WARN_EMPTY_BODY = YES;
				CLANG_WARN_ENUM_CONVERSION = YES;
				CLANG_WARN_INFINITE_RECURSION = YES;
				CLANG_WARN_INT_CONVERSION = YES;
				CLANG_WARN_NON_LITERAL_NULL_CONVERSION = YES;
				CLANG_WARN_OBJC_IMPLICIT_RETAIN_SELF = YES;
				CLANG_WARN_OBJC_LITERAL_CONVERSION = YES;
				CLANG_WARN_OBJC_ROOT_CLASS = YES_ERROR;
				CLANG_WARN_QUOTED_INCLUDE_IN_FRAMEWORK_HEADER = YES;
				CLANG_WARN_RANGE_LOOP_ANALYSIS = YES;
				CLANG_WARN_STRICT_PROTOTYPES = YES;
				CLANG_WARN_SUSPICIOUS_MOVE = YES;
				CLANG_WARN_UNGUARDED_AVAILABILITY = YES_AGGRESSIVE;
				CLANG_WARN_UNREACHABLE_CODE = YES;
				CLANG_WARN__DUPLICATE_METHOD_MATCH = YES;
				COPY_PHASE_STRIP = NO;
				DEBUG_INFORMATION_FORMAT = "dwarf-with-dsym";
				ENABLE_NS_ASSERTIONS = NO;
				ENABLE_STRICT_OBJC_MSGSEND = YES;
				GCC_C_LANGUAGE_STANDARD = gnu11;
				GCC_NO_COMMON_BLOCKS = YES;
				GCC_WARN_64_TO_32_BIT_CONVERSION = YES;
				GCC_WARN_ABOUT_RETURN_TYPE = YES_ERROR;
				GCC_WARN_UNDECLARED_SELECTOR = YES;
				GCC_WARN_UNINITIALIZED_AUTOS = YES_AGGRESSIVE;
				GCC_WARN_UNUSED_FUNCTION = YES;
				GCC_WARN_UNUSED_VARIABLE = YES;
				IPHONEOS_DEPLOYMENT_TARGET = 14.4;
				MTL_ENABLE_DEBUG_INFO = NO;
				MTL_FAST_MATH = YES;
				SDKROOT = iphoneos;
				SWIFT_COMPILATION_MODE = wholemodule;
				SWIFT_OPTIMIZATION_LEVEL = "-O";
				VALIDATE_PRODUCT = YES;
			};
			name = Release;
		};
		81C4192525CA4A7700461D70 /* Debug */ = {
			isa = XCBuildConfiguration;
			buildSettings = {
				ASSETCATALOG_COMPILER_APPICON_NAME = AppIcon;
				ASSETCATALOG_COMPILER_GLOBAL_ACCENT_COLOR_NAME = AccentColor;
				CODE_SIGN_STYLE = Automatic;
				INFOPLIST_FILE = Udder/Info.plist;
				LD_RUNPATH_SEARCH_PATHS = (
					"$(inherited)",
					"@executable_path/Frameworks",
				);
				PRODUCT_BUNDLE_IDENTIFIER = com.annielopez.Udder;
				PRODUCT_NAME = "$(TARGET_NAME)";
				SWIFT_VERSION = 5.0;
				TARGETED_DEVICE_FAMILY = "1,2";
			};
			name = Debug;
		};
		81C4192625CA4A7700461D70 /* Release */ = {
			isa = XCBuildConfiguration;
			buildSettings = {
				ASSETCATALOG_COMPILER_APPICON_NAME = AppIcon;
				ASSETCATALOG_COMPILER_GLOBAL_ACCENT_COLOR_NAME = AccentColor;
				CODE_SIGN_STYLE = Automatic;
				INFOPLIST_FILE = Udder/Info.plist;
				LD_RUNPATH_SEARCH_PATHS = (
					"$(inherited)",
					"@executable_path/Frameworks",
				);
				PRODUCT_BUNDLE_IDENTIFIER = com.annielopez.Udder;
				PRODUCT_NAME = "$(TARGET_NAME)";
				SWIFT_VERSION = 5.0;
				TARGETED_DEVICE_FAMILY = "1,2";
			};
			name = Release;
		};
		81C4192825CA4A7700461D70 /* Debug */ = {
			isa = XCBuildConfiguration;
			buildSettings = {
				ALWAYS_EMBED_SWIFT_STANDARD_LIBRARIES = YES;
				BUNDLE_LOADER = "$(TEST_HOST)";
				CODE_SIGN_STYLE = Automatic;
				INFOPLIST_FILE = UdderTests/Info.plist;
				IPHONEOS_DEPLOYMENT_TARGET = 14.4;
				LD_RUNPATH_SEARCH_PATHS = (
					"$(inherited)",
					"@executable_path/Frameworks",
					"@loader_path/Frameworks",
				);
				PRODUCT_BUNDLE_IDENTIFIER = com.annielopez.UdderTests;
				PRODUCT_NAME = "$(TARGET_NAME)";
				SWIFT_VERSION = 5.0;
				TARGETED_DEVICE_FAMILY = "1,2";
				TEST_HOST = "$(BUILT_PRODUCTS_DIR)/Udder.app/Udder";
			};
			name = Debug;
		};
		81C4192925CA4A7700461D70 /* Release */ = {
			isa = XCBuildConfiguration;
			buildSettings = {
				ALWAYS_EMBED_SWIFT_STANDARD_LIBRARIES = YES;
				BUNDLE_LOADER = "$(TEST_HOST)";
				CODE_SIGN_STYLE = Automatic;
				INFOPLIST_FILE = UdderTests/Info.plist;
				IPHONEOS_DEPLOYMENT_TARGET = 14.4;
				LD_RUNPATH_SEARCH_PATHS = (
					"$(inherited)",
					"@executable_path/Frameworks",
					"@loader_path/Frameworks",
				);
				PRODUCT_BUNDLE_IDENTIFIER = com.annielopez.UdderTests;
				PRODUCT_NAME = "$(TARGET_NAME)";
				SWIFT_VERSION = 5.0;
				TARGETED_DEVICE_FAMILY = "1,2";
				TEST_HOST = "$(BUILT_PRODUCTS_DIR)/Udder.app/Udder";
			};
			name = Release;
		};
		81C4192B25CA4A7700461D70 /* Debug */ = {
			isa = XCBuildConfiguration;
			buildSettings = {
				ALWAYS_EMBED_SWIFT_STANDARD_LIBRARIES = YES;
				CODE_SIGN_STYLE = Automatic;
				INFOPLIST_FILE = UdderUITests/Info.plist;
				LD_RUNPATH_SEARCH_PATHS = (
					"$(inherited)",
					"@executable_path/Frameworks",
					"@loader_path/Frameworks",
				);
				PRODUCT_BUNDLE_IDENTIFIER = com.annielopez.UdderUITests;
				PRODUCT_NAME = "$(TARGET_NAME)";
				SWIFT_VERSION = 5.0;
				TARGETED_DEVICE_FAMILY = "1,2";
				TEST_TARGET_NAME = Udder;
			};
			name = Debug;
		};
		81C4192C25CA4A7700461D70 /* Release */ = {
			isa = XCBuildConfiguration;
			buildSettings = {
				ALWAYS_EMBED_SWIFT_STANDARD_LIBRARIES = YES;
				CODE_SIGN_STYLE = Automatic;
				INFOPLIST_FILE = UdderUITests/Info.plist;
				LD_RUNPATH_SEARCH_PATHS = (
					"$(inherited)",
					"@executable_path/Frameworks",
					"@loader_path/Frameworks",
				);
				PRODUCT_BUNDLE_IDENTIFIER = com.annielopez.UdderUITests;
				PRODUCT_NAME = "$(TARGET_NAME)";
				SWIFT_VERSION = 5.0;
				TARGETED_DEVICE_FAMILY = "1,2";
				TEST_TARGET_NAME = Udder;
			};
			name = Release;
		};
/* End XCBuildConfiguration section */

/* Begin XCConfigurationList section */
		81C418F525CA4A7600461D70 /* Build configuration list for PBXProject "Udder" */ = {
			isa = XCConfigurationList;
			buildConfigurations = (
				81C4192225CA4A7700461D70 /* Debug */,
				81C4192325CA4A7700461D70 /* Release */,
			);
			defaultConfigurationIsVisible = 0;
			defaultConfigurationName = Release;
		};
		81C4192425CA4A7700461D70 /* Build configuration list for PBXNativeTarget "Udder" */ = {
			isa = XCConfigurationList;
			buildConfigurations = (
				81C4192525CA4A7700461D70 /* Debug */,
				81C4192625CA4A7700461D70 /* Release */,
			);
			defaultConfigurationIsVisible = 0;
			defaultConfigurationName = Release;
		};
		81C4192725CA4A7700461D70 /* Build configuration list for PBXNativeTarget "UdderTests" */ = {
			isa = XCConfigurationList;
			buildConfigurations = (
				81C4192825CA4A7700461D70 /* Debug */,
				81C4192925CA4A7700461D70 /* Release */,
			);
			defaultConfigurationIsVisible = 0;
			defaultConfigurationName = Release;
		};
		81C4192A25CA4A7700461D70 /* Build configuration list for PBXNativeTarget "UdderUITests" */ = {
			isa = XCConfigurationList;
			buildConfigurations = (
				81C4192B25CA4A7700461D70 /* Debug */,
				81C4192C25CA4A7700461D70 /* Release */,
			);
			defaultConfigurationIsVisible = 0;
			defaultConfigurationName = Release;
		};
/* End XCConfigurationList section */
	};
	rootObject = 81C418F225CA4A7600461D70 /* Project object */;
}
